
Microsoft Visual Studio Solution File, Format Version 12.00
# Visual Studio Version 17
VisualStudioVersion = 17.0.32002.185
MinimumVisualStudioVersion = 10.0.40219.1
Project("{FAE04EC0-301F-11D3-BF4B-00C04F79EFBC}") = "MoodAnalyzerApp", "MoodAnalyserApp\MoodAnalyzerApp.csproj", "{B6C425CD-A742-46EE-8545-33F3D5605A0A}"
EndProject
Project("{FAE04EC0-301F-11D3-BF4B-00C04F79EFBC}") = "MoodAnalyzerMSTestWithCore", "MoodAnalyzerMSTestWithCore\MoodAnalyzerMSTestWithCore.csproj", "{42E3EC25-EB7B-4E0E-8A05-FE1D6A6C7029}"
EndProject
Global
	GlobalSection(SolutionConfigurationPlatforms) = preSolution
		Debug|Any CPU = Debug|Any CPU
		Release|Any CPU = Release|Any CPU
	EndGlobalSection
	GlobalSection(ProjectConfigurationPlatforms) = postSolution
		{B6C425CD-A742-46EE-8545-33F3D5605A0A}.Debug|Any CPU.ActiveCfg = Debug|Any CPU
		{B6C425CD-A742-46EE-8545-33F3D5605A0A}.Debug|Any CPU.Build.0 = Debug|Any CPU
		{B6C425CD-A742-46EE-8545-33F3D5605A0A}.Release|Any CPU.ActiveCfg = Release|Any CPU
		{B6C425CD-A742-46EE-8545-33F3D5605A0A}.Release|Any CPU.Build.0 = Release|Any CPU
		{42E3EC25-EB7B-4E0E-8A05-FE1D6A6C7029}.Debug|Any CPU.ActiveCfg = Debug|Any CPU
		{42E3EC25-EB7B-4E0E-8A05-FE1D6A6C7029}.Debug|Any CPU.Build.0 = Debug|Any CPU
		{42E3EC25-EB7B-4E0E-8A05-FE1D6A6C7029}.Release|Any CPU.ActiveCfg = Release|Any CPU
		{42E3EC25-EB7B-4E0E-8A05-FE1D6A6C7029}.Release|Any CPU.Build.0 = Release|Any CPU
	EndGlobalSection
	GlobalSection(SolutionProperties) = preSolution
		HideSolutionNode = FALSE
	EndGlobalSection
	GlobalSection(ExtensibilityGlobals) = postSolution
		SolutionGuid = {FD7DCF2A-6A58-40A6-ACD3-4D1796C97D27}
	EndGlobalSection
EndGlobal
